
Microsoft Visual Studio Solution File, Format Version 12.00
# Visual Studio Version 17
VisualStudioVersion = 17.0.32014.148
MinimumVisualStudioVersion = 10.0.40219.1
Project("{9A19103F-16F7-4668-BE54-9A1E7A4F7556}") = "WebCreator", "WebCreator\WebCreator.csproj", "{A6D6BCA1-BFAE-4C58-9A5F-78A8A76CDBF2}"
EndProject
Project("{FAE04EC0-301F-11D3-BF4B-00C04F79EFBC}") = "UnitTest", "UnitTest\UnitTest.csproj", "{270CE786-BDC3-47C1-965E-D6225332C6DA}"
EndProject
Global
	GlobalSection(SolutionConfigurationPlatforms) = preSolution
		Debug|Any CPU = Debug|Any CPU
		Release|Any CPU = Release|Any CPU
	EndGlobalSection
	GlobalSection(ProjectConfigurationPlatforms) = postSolution
		{A6D6BCA1-BFAE-4C58-9A5F-78A8A76CDBF2}.Debug|Any CPU.ActiveCfg = Debug|Any CPU
		{A6D6BCA1-BFAE-4C58-9A5F-78A8A76CDBF2}.Debug|Any CPU.Build.0 = Debug|Any CPU
		{A6D6BCA1-BFAE-4C58-9A5F-78A8A76CDBF2}.Release|Any CPU.ActiveCfg = Release|Any CPU
		{A6D6BCA1-BFAE-4C58-9A5F-78A8A76CDBF2}.Release|Any CPU.Build.0 = Release|Any CPU
		{270CE786-BDC3-47C1-965E-D6225332C6DA}.Debug|Any CPU.ActiveCfg = Debug|Any CPU
		{270CE786-BDC3-47C1-965E-D6225332C6DA}.Debug|Any CPU.Build.0 = Debug|Any CPU
		{270CE786-BDC3-47C1-965E-D6225332C6DA}.Release|Any CPU.ActiveCfg = Release|Any CPU
		{270CE786-BDC3-47C1-965E-D6225332C6DA}.Release|Any CPU.Build.0 = Release|Any CPU
	EndGlobalSection
	GlobalSection(SolutionProperties) = preSolution
		HideSolutionNode = FALSE
	EndGlobalSection
	GlobalSection(ExtensibilityGlobals) = postSolution
		SolutionGuid = {148307C9-919A-47CC-9E45-634FE0EF84BF}
	EndGlobalSection
EndGlobal
